
Microsoft Visual Studio Solution File, Format Version 12.00
# Visual Studio Version 17
VisualStudioVersion = 17.7.34031.279
MinimumVisualStudioVersion = 10.0.40219.1
Project("{FAE04EC0-301F-11D3-BF4B-00C04F79EFBC}") = "AfetaServer", "AffetaServer\AfetaServer.csproj", "{A8E1BB9A-1C61-4140-9C34-56528A750143}"
EndProject
Global
	GlobalSection(SolutionConfigurationPlatforms) = preSolution
		Debug|Any CPU = Debug|Any CPU
		Release|Any CPU = Release|Any CPU
	EndGlobalSection
	GlobalSection(ProjectConfigurationPlatforms) = postSolution
		{A8E1BB9A-1C61-4140-9C34-56528A750143}.Debug|Any CPU.ActiveCfg = Debug|Any CPU
		{A8E1BB9A-1C61-4140-9C34-56528A750143}.Debug|Any CPU.Build.0 = Debug|Any CPU
		{A8E1BB9A-1C61-4140-9C34-56528A750143}.Release|Any CPU.ActiveCfg = Release|Any CPU
		{A8E1BB9A-1C61-4140-9C34-56528A750143}.Release|Any CPU.Build.0 = Release|Any CPU
	EndGlobalSection
	GlobalSection(SolutionProperties) = preSolution
		HideSolutionNode = FALSE
	EndGlobalSection
	GlobalSection(ExtensibilityGlobals) = postSolution
		SolutionGuid = {F20824CA-68DE-4DD9-88AB-995BC31E0647}
	EndGlobalSection
EndGlobal
